
Microsoft Visual Studio Solution File, Format Version 12.00
# Visual Studio Version 17
VisualStudioVersion = 17.7.34221.43
MinimumVisualStudioVersion = 10.0.40219.1
Project("{FAE04EC0-301F-11D3-BF4B-00C04F79EFBC}") = "CarrelloGallesio", "CarrelloGallesio\CarrelloGallesio.csproj", "{92286AAB-79F7-484E-A03F-45AE78B12B38}"
EndProject
Global
	GlobalSection(SolutionConfigurationPlatforms) = preSolution
		Debug|Any CPU = Debug|Any CPU
		Release|Any CPU = Release|Any CPU
	EndGlobalSection
	GlobalSection(ProjectConfigurationPlatforms) = postSolution
		{92286AAB-79F7-484E-A03F-45AE78B12B38}.Debug|Any CPU.ActiveCfg = Debug|Any CPU
		{92286AAB-79F7-484E-A03F-45AE78B12B38}.Debug|Any CPU.Build.0 = Debug|Any CPU
		{92286AAB-79F7-484E-A03F-45AE78B12B38}.Release|Any CPU.ActiveCfg = Release|Any CPU
		{92286AAB-79F7-484E-A03F-45AE78B12B38}.Release|Any CPU.Build.0 = Release|Any CPU
	EndGlobalSection
	GlobalSection(SolutionProperties) = preSolution
		HideSolutionNode = FALSE
	EndGlobalSection
	GlobalSection(ExtensibilityGlobals) = postSolution
		SolutionGuid = {4D9F3025-AE78-40FA-B99C-773A34807E10}
	EndGlobalSection
EndGlobal
